
Microsoft Visual Studio Solution File, Format Version 12.00
# Visual Studio Version 16
VisualStudioVersion = 16.0.31321.278
MinimumVisualStudioVersion = 10.0.40219.1
Project("{8BC9CEB8-8B4A-11D0-8D11-00A0C91BC942}") = "drizzle", "drizzle\drizzle.vcxproj", "{AFDF6434-48AF-4B0F-AA15-B76B84912EF2}"
EndProject
Global
	GlobalSection(SolutionConfigurationPlatforms) = preSolution
		Debug|x64 = Debug|x64
		Release|x64 = Release|x64
	EndGlobalSection
	GlobalSection(ProjectConfigurationPlatforms) = postSolution
		{AFDF6434-48AF-4B0F-AA15-B76B84912EF2}.Debug|x64.ActiveCfg = Debug|x64
		{AFDF6434-48AF-4B0F-AA15-B76B84912EF2}.Debug|x64.Build.0 = Debug|x64
		{AFDF6434-48AF-4B0F-AA15-B76B84912EF2}.Release|x64.ActiveCfg = Release|x64
		{AFDF6434-48AF-4B0F-AA15-B76B84912EF2}.Release|x64.Build.0 = Release|x64
	EndGlobalSection
	GlobalSection(SolutionProperties) = preSolution
		HideSolutionNode = FALSE
	EndGlobalSection
	GlobalSection(ExtensibilityGlobals) = postSolution
		SolutionGuid = {22555B10-5825-4EE5-AE2B-B6F2BC51F32E}
	EndGlobalSection
EndGlobal
