<?xml version="1.0" encoding="utf-8"?>
<Project ToolsVersion="4.0" xmlns="http://schemas.microsoft.com/developer/msbuild/2003">
  <ItemGroup>
    <Filter Include="Source Files">
      <UniqueIdentifier>{4FC737F1-C7A5-4376-A066-2A32D752A2FF}</UniqueIdentifier>
      <Extensions>cpp;c;cc;cxx;def;odl;idl;hpj;bat;asm;asmx</Extensions>
    </Filter>
    <Filter Include="Header Files">
      <UniqueIdentifier>{93995380-89BD-4b04-88EB-625FBE52EBFB}</UniqueIdentifier>
      <Extensions>h;hh;hpp;hxx;hm;inl;inc;ipp;xsd</Extensions>
    </Filter>
    <Filter Include="Resource Files">
      <UniqueIdentifier>{67DA6AB6-F800-4c08-8B7A-83BB121AAD01}</UniqueIdentifier>
      <Extensions>rc;ico;cur;bmp;dlg;rc2;rct;bin;rgs;gif;jpg;jpeg;jpe;resx;tiff;tif;png;wav;mfcribbon-ms</Extensions>
    </Filter>
  </ItemGroup>
  <ItemGroup>
    <Text Include="CMakeLists.txt" />
  </ItemGroup>
  <ItemGroup>
    <ClCompile Include="src\main.cpp">
      <Filter>Source Files</Filter>
    </ClCompile>
    <ClCompile Include="src\expression.cpp">
      <Filter>Source Files</Filter>
    </ClCompile>
    <ClCompile Include="src\statement.cpp">
      <Filter>Source Files</Filter>
    </ClCompile>
    <ClCompile Include="src\parser.cpp">
      <Filter>Source Files</Filter>
    </ClCompile>
    <ClCompile Include="src\astformatter.cpp">
      <Filter>Source Files</Filter>
    </ClCompile>
    <ClCompile Include="src\dzobject.cpp">
      <Filter>Source Files</Filter>
    </ClCompile>
    <ClCompile Include="src\dzstring.cpp">
      <Filter>Source Files</Filter>
    </ClCompile>
    <ClCompile Include="src\dzvalue.cpp">
      <Filter>Source Files</Filter>
    </ClCompile>
    <ClCompile Include="src\chunk.cpp">
      <Filter>Source Files</Filter>
    </ClCompile>
    <ClCompile Include="src\compiler.cpp">
      <Filter>Source Files</Filter>
    </ClCompile>
    <ClCompile Include="src\vm.cpp">
      <Filter>Source Files</Filter>
    </ClCompile>
    <ClCompile Include="src\astvisiter.cpp">
      <Filter>Source Files</Filter>
    </ClCompile>
    <ClCompile Include="src\tokenizer.cpp">
      <Filter>Source Files</Filter>
    </ClCompile>
    <ClCompile Include="src\dzfunction.cpp">
      <Filter>Source Files</Filter>
    </ClCompile>
    <ClCompile Include="src\dznull.cpp">
      <Filter>Source Files</Filter>
    </ClCompile>
    <ClCompile Include="src\gc.cpp">
      <Filter>Source Files</Filter>
    </ClCompile>
    <ClCompile Include="src\dzclass.cpp">
      <Filter>Source Files</Filter>
    </ClCompile>
    <ClCompile Include="src\dzinstance.cpp">
      <Filter>Source Files</Filter>
    </ClCompile>
    <ClCompile Include="src\dzmethod.cpp">
      <Filter>Source Files</Filter>
    </ClCompile>
    <ClCompile Include="src\native.cpp">
      <Filter>Source Files</Filter>
    </ClCompile>
  </ItemGroup>
  <ItemGroup>
    <ResourceCompile Include="drizzle.rc">
      <Filter>Resource Files</Filter>
    </ResourceCompile>
  </ItemGroup>
  <ItemGroup>
    <ClInclude Include="src\int.h">
      <Filter>Header Files</Filter>
    </ClInclude>
    <ClInclude Include="src\error.h">
      <Filter>Header Files</Filter>
    </ClInclude>
    <ClInclude Include="src\dzprimitives.h">
      <Filter>Header Files</Filter>
    </ClInclude>
    <ClInclude Include="src\expression.h">
      <Filter>Header Files</Filter>
    </ClInclude>
    <ClInclude Include="src\statement.h">
      <Filter>Header Files</Filter>
    </ClInclude>
    <ClInclude Include="src\token.h">
      <Filter>Header Files</Filter>
    </ClInclude>
    <ClInclude Include="src\parser.h">
      <Filter>Header Files</Filter>
    </ClInclude>
    <ClInclude Include="src\astformatter.h">
      <Filter>Header Files</Filter>
    </ClInclude>
    <ClInclude Include="src\location.h">
      <Filter>Header Files</Filter>
    </ClInclude>
    <ClInclude Include="src\dzobject.h">
      <Filter>Header Files</Filter>
    </ClInclude>
    <ClInclude Include="src\dzstring.h">
      <Filter>Header Files</Filter>
    </ClInclude>
    <ClInclude Include="src\dzvalue.h">
      <Filter>Header Files</Filter>
    </ClInclude>
    <ClInclude Include="src\chunk.h">
      <Filter>Header Files</Filter>
    </ClInclude>
    <ClInclude Include="src\opcode.h">
      <Filter>Header Files</Filter>
    </ClInclude>
    <ClInclude Include="src\compiler.h">
      <Filter>Header Files</Filter>
    </ClInclude>
    <ClInclude Include="src\vm.h">
      <Filter>Header Files</Filter>
    </ClInclude>
    <ClInclude Include="src\astvisiter.h">
      <Filter>Header Files</Filter>
    </ClInclude>
    <ClInclude Include="src\tokenizer.h">
      <Filter>Header Files</Filter>
    </ClInclude>
    <ClInclude Include="src\dzfunction.h">
      <Filter>Header Files</Filter>
    </ClInclude>
    <ClInclude Include="src\identifier.h">
      <Filter>Header Files</Filter>
    </ClInclude>
    <ClInclude Include="src\dznull.h">
      <Filter>Header Files</Filter>
    </ClInclude>
    <ClInclude Include="src\gc.h">
      <Filter>Header Files</Filter>
    </ClInclude>
    <ClInclude Include="src\dzclass.h">
      <Filter>Header Files</Filter>
    </ClInclude>
    <ClInclude Include="src\dzinstance.h">
      <Filter>Header Files</Filter>
    </ClInclude>
    <ClInclude Include="src\dzmethod.h">
      <Filter>Header Files</Filter>
    </ClInclude>
  </ItemGroup>
</Project>