<?xml version="1.0" encoding="utf-8"?>
<Project ToolsVersion="4.0" xmlns="http://schemas.microsoft.com/developer/msbuild/2003">
  <ItemGroup>
    <Filter Include="Source Files">
      <UniqueIdentifier>{4FC737F1-C7A5-4376-A066-2A32D752A2FF}</UniqueIdentifier>
      <Extensions>cpp;c;cc;cxx;def;odl;idl;hpj;bat;asm;asmx</Extensions>
    </Filter>
    <Filter Include="Header Files">
      <UniqueIdentifier>{93995380-89BD-4b04-88EB-625FBE52EBFB}</UniqueIdentifier>
      <Extensions>h;hh;hpp;hxx;hm;inl;inc;ipp;xsd</Extensions>
    </Filter>
    <Filter Include="Resource Files">
      <UniqueIdentifier>{67DA6AB6-F800-4c08-8B7A-83BB121AAD01}</UniqueIdentifier>
      <Extensions>rc;ico;cur;bmp;dlg;rc2;rct;bin;rgs;gif;jpg;jpeg;jpe;resx;tiff;tif;png;wav;mfcribbon-ms</Extensions>
    </Filter>
  </ItemGroup>
  <ItemGroup>
    <Text Include="CMakeLists.txt" />
  </ItemGroup>
  <ItemGroup>
    <ClCompile Include="src\main.cpp">
      <Filter>Source Files</Filter>
    </ClCompile>
    <ClCompile Include="..\drizzle\src\tokenizer.cpp">
      <Filter>Source Files</Filter>
    </ClCompile>
    <ClCompile Include="..\drizzle\src\expression.cpp">
      <Filter>Source Files</Filter>
    </ClCompile>
    <ClCompile Include="..\drizzle\src\parser.cpp">
      <Filter>Source Files</Filter>
    </ClCompile>
    <ClCompile Include="..\drizzle\src\statement.cpp">
      <Filter>Source Files</Filter>
    </ClCompile>
    <ClCompile Include="..\drizzle\src\astvisiter.cpp">
      <Filter>Source Files</Filter>
    </ClCompile>
    <ClCompile Include="..\drizzle\src\dzobject.cpp">
      <Filter>Source Files</Filter>
    </ClCompile>
    <ClCompile Include="..\drizzle\src\dzstring.cpp">
      <Filter>Source Files</Filter>
    </ClCompile>
    <ClCompile Include="..\drizzle\src\dzvalue.cpp">
      <Filter>Source Files</Filter>
    </ClCompile>
    <ClCompile Include="..\drizzle\src\chunk.cpp">
      <Filter>Source Files</Filter>
    </ClCompile>
    <ClCompile Include="..\drizzle\src\vm.cpp">
      <Filter>Source Files</Filter>
    </ClCompile>
    <ClCompile Include="..\drizzle\src\astformatter.cpp">
      <Filter>Source Files</Filter>
    </ClCompile>
    <ClCompile Include="..\drizzle\src\compiler.cpp">
      <Filter>Source Files</Filter>
    </ClCompile>
    <ClCompile Include="..\drizzle\src\dzfunction.cpp">
      <Filter>Source Files</Filter>
    </ClCompile>
    <ClCompile Include="..\drizzle\src\dzbuiltin.cpp">
      <Filter>Source Files</Filter>
    </ClCompile>
  </ItemGroup>
  <ItemGroup>
    <None Include="src\scanner.inl">
      <Filter>Header Files</Filter>
    </None>
    <None Include="src\scanner\eof.inl">
      <Filter>Header Files</Filter>
    </None>
    <None Include="src\scanner\blank_lines.inl">
      <Filter>Header Files</Filter>
    </None>
    <None Include="src\scanner\comments.inl">
      <Filter>Header Files</Filter>
    </None>
    <None Include="src\scanner\tokens.inl">
      <Filter>Header Files</Filter>
    </None>
    <None Include="src\scanner\indentation.inl">
      <Filter>Header Files</Filter>
    </None>
    <None Include="src\scanner\string.inl">
      <Filter>Header Files</Filter>
    </None>
    <None Include="src\scanner\number.inl">
      <Filter>Header Files</Filter>
    </None>
    <None Include="src\scanner\identifiers.inl">
      <Filter>Header Files</Filter>
    </None>
    <None Include="src\vm.inl">
      <Filter>Header Files</Filter>
    </None>
    <None Include="src\vm\assertion.inl">
      <Filter>Header Files</Filter>
    </None>
    <None Include="src\vm\unary.inl">
      <Filter>Header Files</Filter>
    </None>
    <None Include="src\tests\tokenizer\blank_lines.h">
      <Filter>Header Files</Filter>
    </None>
    <None Include="src\tests\tokenizer\comments.h">
      <Filter>Header Files</Filter>
    </None>
    <None Include="src\tests\tokenizer\identifiers.h">
      <Filter>Header Files</Filter>
    </None>
    <None Include="src\tests\tokenizer\types.h">
      <Filter>Header Files</Filter>
    </None>
    <None Include="src\tests\tokenizer\indentation.h">
      <Filter>Header Files</Filter>
    </None>
    <None Include="src\tests\tokenizer\number.h">
      <Filter>Header Files</Filter>
    </None>
    <None Include="src\tests\tokenizer\whitespace.h">
      <Filter>Header Files</Filter>
    </None>
    <None Include="src\tests\parser\expr\binary.h">
      <Filter>Header Files</Filter>
    </None>
    <None Include="src\tests\parser\expr\unary.h">
      <Filter>Header Files</Filter>
    </None>
    <None Include="src\tests\parser\expr\literal.h">
      <Filter>Header Files</Filter>
    </None>
    <None Include="src\tests\parser\expr\precedence.h">
      <Filter>Header Files</Filter>
    </None>
    <None Include="src\tests\parser\expr\group.h">
      <Filter>Header Files</Filter>
    </None>
    <None Include="src\tests\parser\stmt\program.h">
      <Filter>Header Files</Filter>
    </None>
    <None Include="src\tests\parser\stmt\expression_statement.h">
      <Filter>Header Files</Filter>
    </None>
    <None Include="src\tests\parser\stmt\print.h">
      <Filter>Header Files</Filter>
    </None>
    <None Include="src\tests\parser\stmt\noop.h">
      <Filter>Header Files</Filter>
    </None>
    <None Include="src\tests\parser\stmt\block.h">
      <Filter>Header Files</Filter>
    </None>
    <None Include="src\tests\parser\stmt\var.h">
      <Filter>Header Files</Filter>
    </None>
    <None Include="src\tests\parser\expr\assign.h">
      <Filter>Header Files</Filter>
    </None>
    <None Include="src\tests\parser\expr\variable.h">
      <Filter>Header Files</Filter>
    </None>
    <None Include="src\tests\parser\stmt\if.h">
      <Filter>Header Files</Filter>
    </None>
    <None Include="src\tests\parser\stmt\while.h">
      <Filter>Header Files</Filter>
    </None>
    <None Include="src\tests\parser\stmt\break.h">
      <Filter>Header Files</Filter>
    </None>
    <None Include="src\tests\parser\stmt\continue.h">
      <Filter>Header Files</Filter>
    </None>
  </ItemGroup>
  <ItemGroup>
    <ClInclude Include="src\scanner\whitespace.inl">
      <Filter>Header Files</Filter>
    </ClInclude>
    <ClInclude Include="src\ut.h">
      <Filter>Header Files</Filter>
    </ClInclude>
    <ClInclude Include="src\utils.h">
      <Filter>Header Files</Filter>
    </ClInclude>
    <ClInclude Include="src\tests\tokenizer\eof.h">
      <Filter>Header Files</Filter>
    </ClInclude>
    <ClInclude Include="src\tests\tokenizer\string.h">
      <Filter>Header Files</Filter>
    </ClInclude>
    <ClInclude Include="src\tests\parser\error.h">
      <Filter>Header Files</Filter>
    </ClInclude>
    <ClInclude Include="src\tests\compiler\error.h">
      <Filter>Header Files</Filter>
    </ClInclude>
    <ClInclude Include="src\tests\parser\stmt\def.h">
      <Filter>Header Files</Filter>
    </ClInclude>
    <ClInclude Include="src\tests\parser\expr\call.h">
      <Filter>Header Files</Filter>
    </ClInclude>
    <ClInclude Include="src\tests\parser\stmt\return.h">
      <Filter>Header Files</Filter>
    </ClInclude>
  </ItemGroup>
</Project>