<?xml version="1.0" encoding="utf-8"?>
<Project ToolsVersion="4.0" xmlns="http://schemas.microsoft.com/developer/msbuild/2003">
  <ItemGroup>
    <Filter Include="Source Files">
      <UniqueIdentifier>{4FC737F1-C7A5-4376-A066-2A32D752A2FF}</UniqueIdentifier>
      <Extensions>cpp;c;cc;cxx;def;odl;idl;hpj;bat;asm;asmx</Extensions>
    </Filter>
    <Filter Include="Header Files">
      <UniqueIdentifier>{93995380-89BD-4b04-88EB-625FBE52EBFB}</UniqueIdentifier>
      <Extensions>h;hh;hpp;hxx;hm;inl;inc;ipp;xsd</Extensions>
    </Filter>
    <Filter Include="Resource Files">
      <UniqueIdentifier>{67DA6AB6-F800-4c08-8B7A-83BB121AAD01}</UniqueIdentifier>
      <Extensions>rc;ico;cur;bmp;dlg;rc2;rct;bin;rgs;gif;jpg;jpeg;jpe;resx;tiff;tif;png;wav;mfcribbon-ms</Extensions>
    </Filter>
  </ItemGroup>
  <ItemGroup>
    <Text Include="CMakeLists.txt" />
  </ItemGroup>
  <ItemGroup>
    <ClCompile Include="src\main.cpp">
      <Filter>Source Files</Filter>
    </ClCompile>
    <ClCompile Include="..\drizzle\src\tokenizer.cpp">
      <Filter>Source Files</Filter>
    </ClCompile>
    <ClCompile Include="..\drizzle\src\expression.cpp">
      <Filter>Source Files</Filter>
    </ClCompile>
    <ClCompile Include="..\drizzle\src\parser.cpp">
      <Filter>Source Files</Filter>
    </ClCompile>
    <ClCompile Include="..\drizzle\src\statement.cpp">
      <Filter>Source Files</Filter>
    </ClCompile>
    <ClCompile Include="..\drizzle\src\astwalker.cpp">
      <Filter>Source Files</Filter>
    </ClCompile>
    <ClCompile Include="..\drizzle\src\astprinter.cpp">
      <Filter>Source Files</Filter>
    </ClCompile>
  </ItemGroup>
  <ItemGroup>
    <None Include="src\scanner.inl">
      <Filter>Header Files</Filter>
    </None>
    <None Include="src\scanner\eof.inl">
      <Filter>Header Files</Filter>
    </None>
    <None Include="src\scanner\blank_lines.inl">
      <Filter>Header Files</Filter>
    </None>
    <None Include="src\scanner\comments.inl">
      <Filter>Header Files</Filter>
    </None>
    <None Include="src\scanner\tokens.inl">
      <Filter>Header Files</Filter>
    </None>
    <None Include="src\scanner\indentation.inl">
      <Filter>Header Files</Filter>
    </None>
    <None Include="src\scanner\string.inl">
      <Filter>Header Files</Filter>
    </None>
    <None Include="src\scanner\number.inl">
      <Filter>Header Files</Filter>
    </None>
    <None Include="src\scanner\identifiers.inl">
      <Filter>Header Files</Filter>
    </None>
    <None Include="src\vm.inl">
      <Filter>Header Files</Filter>
    </None>
    <None Include="src\vm\assertion.inl">
      <Filter>Header Files</Filter>
    </None>
    <None Include="src\vm\unary.inl">
      <Filter>Header Files</Filter>
    </None>
    <None Include="src\tokenizer\eof.inl">
      <Filter>Header Files</Filter>
    </None>
    <None Include="src\tokenizer\blank_lines.inl">
      <Filter>Header Files</Filter>
    </None>
    <None Include="src\tokenizer\comments.inl">
      <Filter>Header Files</Filter>
    </None>
    <None Include="src\tokenizer\identifiers.inl">
      <Filter>Header Files</Filter>
    </None>
    <None Include="src\tokenizer\types.inl">
      <Filter>Header Files</Filter>
    </None>
    <None Include="src\tokenizer\indentation.inl">
      <Filter>Header Files</Filter>
    </None>
    <None Include="src\tokenizer\number.inl">
      <Filter>Header Files</Filter>
    </None>
    <None Include="src\tokenizer\string.inl">
      <Filter>Header Files</Filter>
    </None>
    <None Include="src\tokenizer\whitespace.inl">
      <Filter>Header Files</Filter>
    </None>
    <None Include="src\parser\_tests.inl">
      <Filter>Header Files</Filter>
    </None>
    <None Include="src\parser\expr\binary.inl">
      <Filter>Header Files</Filter>
    </None>
    <None Include="src\parser\expr\unary.inl">
      <Filter>Header Files</Filter>
    </None>
    <None Include="src\parser\expr\literal.inl">
      <Filter>Header Files</Filter>
    </None>
    <None Include="src\parser\expr\precedence.inl">
      <Filter>Header Files</Filter>
    </None>
    <None Include="src\parser\expr\_tests.inl">
      <Filter>Header Files</Filter>
    </None>
    <None Include="src\parser\expr\group.inl">
      <Filter>Header Files</Filter>
    </None>
    <None Include="src\parser\stmt\program.inl">
      <Filter>Header Files</Filter>
    </None>
    <None Include="src\parser\stmt\expression_statement.inl">
      <Filter>Header Files</Filter>
    </None>
    <None Include="src\parser\stmt\_tests.inl">
      <Filter>Header Files</Filter>
    </None>
    <None Include="src\tokenizer\_tests.inl">
      <Filter>Header Files</Filter>
    </None>
    <None Include="src\tokenizer\_utils.inl">
      <Filter>Header Files</Filter>
    </None>
    <None Include="src\parser\stmt\print.inl">
      <Filter>Header Files</Filter>
    </None>
    <None Include="src\parser\stmt\noop.inl">
      <Filter>Header Files</Filter>
    </None>
    <None Include="src\parser\stmt\block.inl">
      <Filter>Header Files</Filter>
    </None>
  </ItemGroup>
  <ItemGroup>
    <ClInclude Include="src\scanner\whitespace.inl">
      <Filter>Header Files</Filter>
    </ClInclude>
    <ClInclude Include="src\parser\_utils.inl">
      <Filter>Header Files</Filter>
    </ClInclude>
  </ItemGroup>
</Project>